Microsoft Visual Studio Solution File, Format Version 12.00
# Visual Studio Version 17
VisualStudioVersion = 17.0.31903.59
MinimumVisualStudioVersion = 10.0.40219.1
Project("{FAE04EC0-301F-11D3-BF4B-00C04F79EFBC}") = "XMacroBridge.Core", "src\XMacroBridge.Core\XMacroBridge.Core.csproj", "{B7D33727-2C23-4CAC-B65F-4F0790CB6851}"
EndProject
Project("{FAE04EC0-301F-11D3-BF4B-00C04F79EFBC}") = "XMacroBridge.App", "src\XMacroBridge.App\XMacroBridge.App.csproj", "{AB014962-3684-4AD3-81BD-ED31E9E9DB29}"
EndProject
Project("{FAE04EC0-301F-11D3-BF4B-00C04F79EFBC}") = "XMacroBridge.Core.Tests", "tests\XMacroBridge.Core.Tests\XMacroBridge.Core.Tests.csproj", "{370DF2A3-BAD2-47C3-A648-802447A50936}"
EndProject
Project("{FAE04EC0-301F-11D3-BF4B-00C04F79EFBC}") = "XMacroBridge.Formats.Razer", "src\XMacroBridge.Formats.Razer\XMacroBridge.Formats.Razer.csproj", "{F256293B-419B-413F-A1AC-8A25EC1E2EE6}"
EndProject
Project("{FAE04EC0-301F-11D3-BF4B-00C04F79EFBC}") = "XMacroBridge.Formats.Xmbc", "src\XMacroBridge.Formats.Xmbc\XMacroBridge.Formats.Xmbc.csproj", "{A512889C-CAD7-4F8E-BAB3-F767D8A61655}"
EndProject
Project("{FAE04EC0-301F-11D3-BF4B-00C04F79EFBC}") = "XMacroBridge.Application", "src\XMacroBridge.Application\XMacroBridge.Application.csproj", "{D6136C7B-2559-4685-B84C-E20AFC1773A3}"
EndProject
Project("{FAE04EC0-301F-11D3-BF4B-00C04F79EFBC}") = "XMacroBridge.Presentation", "src\XMacroBridge.Presentation\XMacroBridge.Presentation.csproj", "{951A21A6-634D-48B0-A813-3EEFDCE566C9}"
EndProject
Project("{FAE04EC0-301F-11D3-BF4B-00C04F79EFBC}") = "XMacroBridge.App.SmokeTests", "tests\XMacroBridge.App.SmokeTests\XMacroBridge.App.SmokeTests.csproj", "{B48E9D57-E7AA-4AF5-98D3-A14633D9A8B2}"
EndProject
Global
	GlobalSection(SolutionConfigurationPlatforms) = preSolution
		Debug|Any CPU = Debug|Any CPU
		Release|Any CPU = Release|Any CPU
	EndGlobalSection
	GlobalSection(ProjectConfigurationPlatforms) = postSolution
		{B7D33727-2C23-4CAC-B65F-4F0790CB6851}.Debug|Any CPU.ActiveCfg = Debug|Any CPU
		{B7D33727-2C23-4CAC-B65F-4F0790CB6851}.Debug|Any CPU.Build.0 = Debug|Any CPU
		{B7D33727-2C23-4CAC-B65F-4F0790CB6851}.Release|Any CPU.ActiveCfg = Release|Any CPU
		{B7D33727-2C23-4CAC-B65F-4F0790CB6851}.Release|Any CPU.Build.0 = Release|Any CPU
		{AB014962-3684-4AD3-81BD-ED31E9E9DB29}.Debug|Any CPU.ActiveCfg = Debug|Any CPU
		{AB014962-3684-4AD3-81BD-ED31E9E9DB29}.Debug|Any CPU.Build.0 = Debug|Any CPU
		{AB014962-3684-4AD3-81BD-ED31E9E9DB29}.Release|Any CPU.ActiveCfg = Release|Any CPU
		{AB014962-3684-4AD3-81BD-ED31E9E9DB29}.Release|Any CPU.Build.0 = Release|Any CPU
		{370DF2A3-BAD2-47C3-A648-802447A50936}.Debug|Any CPU.ActiveCfg = Debug|Any CPU
		{370DF2A3-BAD2-47C3-A648-802447A50936}.Debug|Any CPU.Build.0 = Debug|Any CPU
		{370DF2A3-BAD2-47C3-A648-802447A50936}.Release|Any CPU.ActiveCfg = Release|Any CPU
		{370DF2A3-BAD2-47C3-A648-802447A50936}.Release|Any CPU.Build.0 = Release|Any CPU
		{F256293B-419B-413F-A1AC-8A25EC1E2EE6}.Debug|Any CPU.ActiveCfg = Debug|Any CPU
		{F256293B-419B-413F-A1AC-8A25EC1E2EE6}.Debug|Any CPU.Build.0 = Debug|Any CPU
		{F256293B-419B-413F-A1AC-8A25EC1E2EE6}.Release|Any CPU.ActiveCfg = Release|Any CPU
		{F256293B-419B-413F-A1AC-8A25EC1E2EE6}.Release|Any CPU.Build.0 = Release|Any CPU
		{A512889C-CAD7-4F8E-BAB3-F767D8A61655}.Debug|Any CPU.ActiveCfg = Debug|Any CPU
		{A512889C-CAD7-4F8E-BAB3-F767D8A61655}.Debug|Any CPU.Build.0 = Debug|Any CPU
		{A512889C-CAD7-4F8E-BAB3-F767D8A61655}.Release|Any CPU.ActiveCfg = Release|Any CPU
		{A512889C-CAD7-4F8E-BAB3-F767D8A61655}.Release|Any CPU.Build.0 = Release|Any CPU
		{D6136C7B-2559-4685-B84C-E20AFC1773A3}.Debug|Any CPU.ActiveCfg = Debug|Any CPU
		{D6136C7B-2559-4685-B84C-E20AFC1773A3}.Debug|Any CPU.Build.0 = Debug|Any CPU
		{D6136C7B-2559-4685-B84C-E20AFC1773A3}.Release|Any CPU.ActiveCfg = Release|Any CPU
		{D6136C7B-2559-4685-B84C-E20AFC1773A3}.Release|Any CPU.Build.0 = Release|Any CPU
		{951A21A6-634D-48B0-A813-3EEFDCE566C9}.Debug|Any CPU.ActiveCfg = Debug|Any CPU
		{951A21A6-634D-48B0-A813-3EEFDCE566C9}.Debug|Any CPU.Build.0 = Debug|Any CPU
		{951A21A6-634D-48B0-A813-3EEFDCE566C9}.Release|Any CPU.ActiveCfg = Release|Any CPU
		{951A21A6-634D-48B0-A813-3EEFDCE566C9}.Release|Any CPU.Build.0 = Release|Any CPU
		{B48E9D57-E7AA-4AF5-98D3-A14633D9A8B2}.Debug|Any CPU.ActiveCfg = Debug|Any CPU
		{B48E9D57-E7AA-4AF5-98D3-A14633D9A8B2}.Debug|Any CPU.Build.0 = Debug|Any CPU
		{B48E9D57-E7AA-4AF5-98D3-A14633D9A8B2}.Release|Any CPU.ActiveCfg = Release|Any CPU
		{B48E9D57-E7AA-4AF5-98D3-A14633D9A8B2}.Release|Any CPU.Build.0 = Release|Any CPU
	EndGlobalSection
EndGlobal
